
Microsoft Visual Studio Solution File, Format Version 12.00
# Visual Studio Version 17
VisualStudioVersion = 17.5.001.0
MinimumVisualStudioVersion = 10.0.40219.1
Project("{9A19103F-16F7-4668-BE54-9A1E7A4F7556}") = "AsteroidsGame", "AsteroidsGame.csproj", "{1BBDC277-6CA7-49F8-A2AE-BFB004903CAF}"
EndProject
Global
	GlobalSection(SolutionConfigurationPlatforms) = preSolution
		Debug|Any CPU = Debug|Any CPU
		Release|Any CPU = Release|Any CPU
	EndGlobalSection
	GlobalSection(ProjectConfigurationPlatforms) = postSolution
		{1BBDC277-6CA7-49F8-A2AE-BFB004903CAF}.Debug|Any CPU.ActiveCfg = Debug|Any CPU
		{1BBDC277-6CA7-49F8-A2AE-BFB004903CAF}.Debug|Any CPU.Build.0 = Debug|Any CPU
		{1BBDC277-6CA7-49F8-A2AE-BFB004903CAF}.Release|Any CPU.ActiveCfg = Release|Any CPU
		{1BBDC277-6CA7-49F8-A2AE-BFB004903CAF}.Release|Any CPU.Build.0 = Release|Any CPU
	EndGlobalSection
	GlobalSection(SolutionProperties) = preSolution
		HideSolutionNode = FALSE
	EndGlobalSection
	GlobalSection(ExtensibilityGlobals) = postSolution
		SolutionGuid = {1988296D-93C3-49EF-A91D-E98C35EF6E4A}
	EndGlobalSection
EndGlobal
